
Microsoft Visual Studio Solution File, Format Version 12.00
# Visual Studio Version 17
VisualStudioVersion = 17.14.36408.4 d17.14
MinimumVisualStudioVersion = 10.0.40219.1
Project("{FAE04EC0-301F-11D3-BF4B-00C04F79EFBC}") = "Shekho", "Shekho\Shekho.csproj", "{FA3F238E-149C-408C-9975-1A14AB4ED1AD}"
EndProject
Global
	GlobalSection(SolutionConfigurationPlatforms) = preSolution
		Debug|Any CPU = Debug|Any CPU
		Release|Any CPU = Release|Any CPU
	EndGlobalSection
	GlobalSection(ProjectConfigurationPlatforms) = postSolution
		{FA3F238E-149C-408C-9975-1A14AB4ED1AD}.Debug|Any CPU.ActiveCfg = Debug|Any CPU
		{FA3F238E-149C-408C-9975-1A14AB4ED1AD}.Debug|Any CPU.Build.0 = Debug|Any CPU
		{FA3F238E-149C-408C-9975-1A14AB4ED1AD}.Release|Any CPU.ActiveCfg = Release|Any CPU
		{FA3F238E-149C-408C-9975-1A14AB4ED1AD}.Release|Any CPU.Build.0 = Release|Any CPU
	EndGlobalSection
	GlobalSection(SolutionProperties) = preSolution
		HideSolutionNode = FALSE
	EndGlobalSection
	GlobalSection(ExtensibilityGlobals) = postSolution
		SolutionGuid = {133DA252-0CC5-4199-9ED4-3DD9C1EC8304}
	EndGlobalSection
EndGlobal
